
Microsoft Visual Studio Solution File, Format Version 11.00
# Visual Studio 2010
Project("{FAE04EC0-301F-11D3-BF4B-00C04F79EFBC}") = "NDependencyInjection", "src\NDependencyInjection.csproj", "{34206C97-167A-4A15-8FEF-C331001326B8}"
EndProject
Project("{FAE04EC0-301F-11D3-BF4B-00C04F79EFBC}") = "NDependencyInjection.Tests", "src\Tests\NDependencyInjection.Tests.csproj", "{160F8E1E-BC53-4CB5-BC43-A8B0BC30C903}"
EndProject
Global
	GlobalSection(SolutionConfigurationPlatforms) = preSolution
		Debug|Any CPU = Debug|Any CPU
		NDependencyInjectionOnly|Any CPU = NDependencyInjectionOnly|Any CPU
		Release|Any CPU = Release|Any CPU
	EndGlobalSection
	GlobalSection(ProjectConfigurationPlatforms) = postSolution
		{34206C97-167A-4A15-8FEF-C331001326B8}.Debug|Any CPU.ActiveCfg = Debug|Any CPU
		{34206C97-167A-4A15-8FEF-C331001326B8}.Debug|Any CPU.Build.0 = Debug|Any CPU
		{34206C97-167A-4A15-8FEF-C331001326B8}.NDependencyInjectionOnly|Any CPU.ActiveCfg = NDependencyInjectionOnly|Any CPU
		{34206C97-167A-4A15-8FEF-C331001326B8}.NDependencyInjectionOnly|Any CPU.Build.0 = NDependencyInjectionOnly|Any CPU
		{34206C97-167A-4A15-8FEF-C331001326B8}.Release|Any CPU.ActiveCfg = Release|Any CPU
		{34206C97-167A-4A15-8FEF-C331001326B8}.Release|Any CPU.Build.0 = Release|Any CPU
		{160F8E1E-BC53-4CB5-BC43-A8B0BC30C903}.Debug|Any CPU.ActiveCfg = Debug|Any CPU
		{160F8E1E-BC53-4CB5-BC43-A8B0BC30C903}.Debug|Any CPU.Build.0 = Debug|Any CPU
		{160F8E1E-BC53-4CB5-BC43-A8B0BC30C903}.NDependencyInjectionOnly|Any CPU.ActiveCfg = NDependencyInjectionOnly|Any CPU
		{160F8E1E-BC53-4CB5-BC43-A8B0BC30C903}.NDependencyInjectionOnly|Any CPU.Build.0 = NDependencyInjectionOnly|Any CPU
		{160F8E1E-BC53-4CB5-BC43-A8B0BC30C903}.Release|Any CPU.ActiveCfg = Release|Any CPU
		{160F8E1E-BC53-4CB5-BC43-A8B0BC30C903}.Release|Any CPU.Build.0 = Release|Any CPU
	EndGlobalSection
	GlobalSection(SolutionProperties) = preSolution
		HideSolutionNode = FALSE
	EndGlobalSection
EndGlobal
